Microsoft Visual Studio Solution File, Format Version 12.00
# Visual Studio Version 17
VisualStudioVersion = 17.5.2.0
MinimumVisualStudioVersion = 10.0.40219.1
Project("{FAE04EC0-301F-11D3-BF4B-00C04F79EFBC}") = "ProjetoC", "ProjetoC.csproj", "{B265D5B8-6692-5CFF-F2F9-2C04C427A5D2}"
EndProject
Global
	GlobalSection(SolutionConfigurationPlatforms) = preSolution
		Debug|Any CPU = Debug|Any CPU
		Release|Any CPU = Release|Any CPU
	EndGlobalSection
	GlobalSection(ProjectConfigurationPlatforms) = postSolution
		{B265D5B8-6692-5CFF-F2F9-2C04C427A5D2}.Debug|Any CPU.ActiveCfg = Debug|Any CPU
		{B265D5B8-6692-5CFF-F2F9-2C04C427A5D2}.Debug|Any CPU.Build.0 = Debug|Any CPU
		{B265D5B8-6692-5CFF-F2F9-2C04C427A5D2}.Release|Any CPU.ActiveCfg = Release|Any CPU
		{B265D5B8-6692-5CFF-F2F9-2C04C427A5D2}.Release|Any CPU.Build.0 = Release|Any CPU
	EndGlobalSection
	GlobalSection(SolutionProperties) = preSolution
		HideSolutionNode = FALSE
	EndGlobalSection
	GlobalSection(ExtensibilityGlobals) = postSolution
		SolutionGuid = {82D1414B-8E01-46A1-8E25-CB7A6F8DB6FE}
	EndGlobalSection
EndGlobal
